Microsoft Visual Studio Solution File, Format Version 11.00
# Visual Studio 2008

Project("{341C60E6-9E22-6230-56DD-18505F67DC9F}") = "Eggdropper", "Assembly-CSharp.csproj", "{7DB6C5B5-9023-4890-D289-9DDAF2DBEC5A}"
EndProject
Global
	GlobalSection(SolutionConfigurationPlatforms) = preSolution
		Debug|Any CPU = Debug|Any CPU
		Release|Any CPU = Release|Any CPU
	EndGlobalSection
	GlobalSection(ProjectConfigurationPlatforms) = postSolution
		{7DB6C5B5-9023-4890-D289-9DDAF2DBEC5A}.Debug|Any CPU.ActiveCfg = Debug|Any CPU
		{7DB6C5B5-9023-4890-D289-9DDAF2DBEC5A}.Debug|Any CPU.Build.0 = Debug|Any CPU
		{7DB6C5B5-9023-4890-D289-9DDAF2DBEC5A}.Release|Any CPU.ActiveCfg = Release|Any CPU
		{7DB6C5B5-9023-4890-D289-9DDAF2DBEC5A}.Release|Any CPU.Build.0 = Release|Any CPU
	EndGlobalSection
	GlobalSection(SolutionProperties) = preSolution
		HideSolutionNode = FALSE
	EndGlobalSection
									GlobalSection(MonoDevelopProperties) = preSolution
		StartupItem = Assembly-CSharp.csproj
		Policies = $0
		$0.TextStylePolicy = $1
		$1.inheritsSet = null
		$1.scope = text/x-csharp
		$0.CSharpFormattingPolicy = $2
		$2.inheritsSet = Mono
		$2.inheritsScope = text/x-csharp
		$2.scope = text/x-csharp
		$0.TextStylePolicy = $3
		$3.FileWidth = 120
		$3.TabWidth = 4
		$3.EolMarker = Unix
		$3.inheritsSet = Mono
		$3.inheritsScope = text/plain
		$3.scope = text/plain
	EndGlobalSection

EndGlobal
